
Microsoft Visual Studio Solution File, Format Version 12.00
# Visual Studio Version 16
VisualStudioVersion = 16.0.32929.386
MinimumVisualStudioVersion = 10.0.40219.1
Project("{FAE04EC0-301F-11D3-BF4B-00C04F79EFBC}") = "Radios", "Radios.csproj", "{CDAC2638-5C9D-42E1-A3CF-CEE9911F1E73}"
EndProject
Global
	GlobalSection(SolutionConfigurationPlatforms) = preSolution
		Debug|Any CPU = Debug|Any CPU
		Release|Any CPU = Release|Any CPU
	EndGlobalSection
	GlobalSection(ProjectConfigurationPlatforms) = postSolution
		{CDAC2638-5C9D-42E1-A3CF-CEE9911F1E73}.Debug|Any CPU.ActiveCfg = Debug|Any CPU
		{CDAC2638-5C9D-42E1-A3CF-CEE9911F1E73}.Debug|Any CPU.Build.0 = Debug|Any CPU
		{CDAC2638-5C9D-42E1-A3CF-CEE9911F1E73}.Release|Any CPU.ActiveCfg = Release|Any CPU
		{CDAC2638-5C9D-42E1-A3CF-CEE9911F1E73}.Release|Any CPU.Build.0 = Release|Any CPU
	EndGlobalSection
	GlobalSection(SolutionProperties) = preSolution
		HideSolutionNode = FALSE
	EndGlobalSection
	GlobalSection(ExtensibilityGlobals) = postSolution
		SolutionGuid = {F078B33A-A988-4A0D-8389-0E57136DE9BF}
	EndGlobalSection
EndGlobal
